type: object
description: >
  A block is the structure that contains transaction information.
  Blocks are generated and signed by accounts.
  
  A block can contain up to 120 transactions. This limit does not apply to the first block (nemesis/genesis block).
required:
  - timeStamp
  - signature
  - prevBlockHash
  - type
  - transactions
  - version
  - signer
  - height
properties:
  timeStamp:
    $ref: "../../../schemas/NetworkTimeStamp.yml"
    description: |
      Network timestamp in seconds since the NEM network epoch (29 March 2015, 00:06:25 UTC).
      Time of the block.
  signature:
    type: string
    description: Signature of the block generated by the signer. Used to validate block integrity.
  prevBlockHash:
    $ref: "../../../schemas/HashReference.yml"
    description: The previous block hash.
  type:
    type: integer
    description: |
      The block type. There are currently two block types used:
      - -1: Nemesis block
      - 1: Regular block
    enum:
      - -1
      - 1
  transactions:
    type: array
    description: |
      Array of transactions included in the block. Maximum 120 for regular blocks; the nemesis block is not subject to this limit.
    items:
      $ref: "../../transaction/schemas/Transaction.yml"
  version:
    type: integer
    format: int32
    description: |
      Block version. Supported values:
      - 1744830465 (main network)
      - -1744830463 (test network)
  signer:
    $ref: "../../../schemas/PublicKey.yml"
    description: |
      Public key (256-bit encoded as a hexadecimal string - 64 hex characters) of the harvester of the block.
  height:
    $ref: "../../../schemas/BlockHeight.yml"
